
Microsoft Visual Studio Solution File, Format Version 12.00
# Visual Studio 14
VisualStudioVersion = 14.0.24720.0
MinimumVisualStudioVersion = 10.0.40219.1
Project("{FAE04EC0-301F-11D3-BF4B-00C04F79EFBC}") = "Gama.Cooperacion.Business", "Gama.Cooperacion.Business\Gama.Cooperacion.Business.csproj", "{E54A71CF-F5E1-45D4-9ED2-CDBF2B08C317}"
EndProject
Project("{FAE04EC0-301F-11D3-BF4B-00C04F79EFBC}") = "Gama.Cooperacion.Wpf", "Gama.Cooperacion.Wpf\Gama.Cooperacion.Wpf.csproj", "{0D5F2D35-032B-4F23-8794-F49F31870ED7}"
EndProject
Project("{2150E333-8FDC-42A3-9474-1A3956D46DE8}") = "Cooperación", "Cooperación", "{40A2AEA2-D7CB-4325-98A1-433600F259E6}"
EndProject
Project("{2150E333-8FDC-42A3-9474-1A3956D46DE8}") = "Core", "Core", "{7E2BF0C1-9EF0-478A-A9F9-DC2797AFAC22}"
EndProject
Project("{FAE04EC0-301F-11D3-BF4B-00C04F79EFBC}") = "Core", "Core\Core.csproj", "{61C764BB-5692-463A-BC70-55B6AD46B1A3}"
EndProject
Project("{FAE04EC0-301F-11D3-BF4B-00C04F79EFBC}") = "Gama.Bootstrapper", "Gama.Bootstrapper\Gama.Bootstrapper.csproj", "{4A43C5E1-7059-4281-8AAF-C3E37B613174}"
EndProject
Project("{FAE04EC0-301F-11D3-BF4B-00C04F79EFBC}") = "Gama.Common", "Gama.Common\Gama.Common.csproj", "{46A268C7-C157-4A93-931D-951A908E149F}"
EndProject
Project("{FAE04EC0-301F-11D3-BF4B-00C04F79EFBC}") = "Gama.Cooperacion.WpfTests", "Gama.Cooperacion.WpfTests\Gama.Cooperacion.WpfTests.csproj", "{F1F57199-8DE2-4A56-AEE9-E453923B8970}"
EndProject
Project("{FAE04EC0-301F-11D3-BF4B-00C04F79EFBC}") = "Core.Tests", "Core.Tests\Core.Tests.csproj", "{C8817D18-1504-4C2E-851A-1D01476B33B4}"
EndProject
Project("{FAE04EC0-301F-11D3-BF4B-00C04F79EFBC}") = "Gama.CommonTests", "Gama.CommonTests\Gama.CommonTests.csproj", "{89BAA80B-8465-4595-AF3C-C092AC3C75BE}"
EndProject
Project("{FAE04EC0-301F-11D3-BF4B-00C04F79EFBC}") = "Gama.Cooperacion.DataAccess", "Gama.Cooperacion.DataAccess\Gama.Cooperacion.DataAccess.csproj", "{4830F33B-E739-4BAA-BF0E-F88BE61B01BD}"
EndProject
Global
	GlobalSection(SolutionConfigurationPlatforms) = preSolution
		Debug|Any CPU = Debug|Any CPU
		Release|Any CPU = Release|Any CPU
	EndGlobalSection
	GlobalSection(ProjectConfigurationPlatforms) = postSolution
		{E54A71CF-F5E1-45D4-9ED2-CDBF2B08C317}.Debug|Any CPU.ActiveCfg = Debug|Any CPU
		{E54A71CF-F5E1-45D4-9ED2-CDBF2B08C317}.Debug|Any CPU.Build.0 = Debug|Any CPU
		{E54A71CF-F5E1-45D4-9ED2-CDBF2B08C317}.Release|Any CPU.ActiveCfg = Release|Any CPU
		{E54A71CF-F5E1-45D4-9ED2-CDBF2B08C317}.Release|Any CPU.Build.0 = Release|Any CPU
		{0D5F2D35-032B-4F23-8794-F49F31870ED7}.Debug|Any CPU.ActiveCfg = Debug|Any CPU
		{0D5F2D35-032B-4F23-8794-F49F31870ED7}.Debug|Any CPU.Build.0 = Debug|Any CPU
		{0D5F2D35-032B-4F23-8794-F49F31870ED7}.Release|Any CPU.ActiveCfg = Release|Any CPU
		{0D5F2D35-032B-4F23-8794-F49F31870ED7}.Release|Any CPU.Build.0 = Release|Any CPU
		{61C764BB-5692-463A-BC70-55B6AD46B1A3}.Debug|Any CPU.ActiveCfg = Debug|Any CPU
		{61C764BB-5692-463A-BC70-55B6AD46B1A3}.Debug|Any CPU.Build.0 = Debug|Any CPU
		{61C764BB-5692-463A-BC70-55B6AD46B1A3}.Release|Any CPU.ActiveCfg = Release|Any CPU
		{61C764BB-5692-463A-BC70-55B6AD46B1A3}.Release|Any CPU.Build.0 = Release|Any CPU
		{4A43C5E1-7059-4281-8AAF-C3E37B613174}.Debug|Any CPU.ActiveCfg = Debug|Any CPU
		{4A43C5E1-7059-4281-8AAF-C3E37B613174}.Debug|Any CPU.Build.0 = Debug|Any CPU
		{4A43C5E1-7059-4281-8AAF-C3E37B613174}.Release|Any CPU.ActiveCfg = Release|Any CPU
		{4A43C5E1-7059-4281-8AAF-C3E37B613174}.Release|Any CPU.Build.0 = Release|Any CPU
		{46A268C7-C157-4A93-931D-951A908E149F}.Debug|Any CPU.ActiveCfg = Debug|Any CPU
		{46A268C7-C157-4A93-931D-951A908E149F}.Debug|Any CPU.Build.0 = Debug|Any CPU
		{46A268C7-C157-4A93-931D-951A908E149F}.Release|Any CPU.ActiveCfg = Release|Any CPU
		{46A268C7-C157-4A93-931D-951A908E149F}.Release|Any CPU.Build.0 = Release|Any CPU
		{F1F57199-8DE2-4A56-AEE9-E453923B8970}.Debug|Any CPU.ActiveCfg = Debug|Any CPU
		{F1F57199-8DE2-4A56-AEE9-E453923B8970}.Debug|Any CPU.Build.0 = Debug|Any CPU
		{F1F57199-8DE2-4A56-AEE9-E453923B8970}.Release|Any CPU.ActiveCfg = Release|Any CPU
		{F1F57199-8DE2-4A56-AEE9-E453923B8970}.Release|Any CPU.Build.0 = Release|Any CPU
		{C8817D18-1504-4C2E-851A-1D01476B33B4}.Debug|Any CPU.ActiveCfg = Debug|Any CPU
		{C8817D18-1504-4C2E-851A-1D01476B33B4}.Debug|Any CPU.Build.0 = Debug|Any CPU
		{C8817D18-1504-4C2E-851A-1D01476B33B4}.Release|Any CPU.ActiveCfg = Release|Any CPU
		{C8817D18-1504-4C2E-851A-1D01476B33B4}.Release|Any CPU.Build.0 = Release|Any CPU
		{89BAA80B-8465-4595-AF3C-C092AC3C75BE}.Debug|Any CPU.ActiveCfg = Debug|Any CPU
		{89BAA80B-8465-4595-AF3C-C092AC3C75BE}.Debug|Any CPU.Build.0 = Debug|Any CPU
		{89BAA80B-8465-4595-AF3C-C092AC3C75BE}.Release|Any CPU.ActiveCfg = Release|Any CPU
		{89BAA80B-8465-4595-AF3C-C092AC3C75BE}.Release|Any CPU.Build.0 = Release|Any CPU
		{4830F33B-E739-4BAA-BF0E-F88BE61B01BD}.Debug|Any CPU.ActiveCfg = Debug|Any CPU
		{4830F33B-E739-4BAA-BF0E-F88BE61B01BD}.Debug|Any CPU.Build.0 = Debug|Any CPU
		{4830F33B-E739-4BAA-BF0E-F88BE61B01BD}.Release|Any CPU.ActiveCfg = Release|Any CPU
		{4830F33B-E739-4BAA-BF0E-F88BE61B01BD}.Release|Any CPU.Build.0 = Release|Any CPU
	EndGlobalSection
	GlobalSection(SolutionProperties) = preSolution
		HideSolutionNode = FALSE
	EndGlobalSection
	GlobalSection(NestedProjects) = preSolution
		{E54A71CF-F5E1-45D4-9ED2-CDBF2B08C317} = {40A2AEA2-D7CB-4325-98A1-433600F259E6}
		{0D5F2D35-032B-4F23-8794-F49F31870ED7} = {40A2AEA2-D7CB-4325-98A1-433600F259E6}
		{61C764BB-5692-463A-BC70-55B6AD46B1A3} = {7E2BF0C1-9EF0-478A-A9F9-DC2797AFAC22}
		{46A268C7-C157-4A93-931D-951A908E149F} = {7E2BF0C1-9EF0-478A-A9F9-DC2797AFAC22}
		{F1F57199-8DE2-4A56-AEE9-E453923B8970} = {40A2AEA2-D7CB-4325-98A1-433600F259E6}
		{C8817D18-1504-4C2E-851A-1D01476B33B4} = {7E2BF0C1-9EF0-478A-A9F9-DC2797AFAC22}
		{89BAA80B-8465-4595-AF3C-C092AC3C75BE} = {7E2BF0C1-9EF0-478A-A9F9-DC2797AFAC22}
		{4830F33B-E739-4BAA-BF0E-F88BE61B01BD} = {40A2AEA2-D7CB-4325-98A1-433600F259E6}
	EndGlobalSection
EndGlobal
